
Microsoft Visual Studio Solution File, Format Version 12.00
# Visual Studio 15
Project("{FAE04EC0-301F-11D3-BF4B-00C04F79EFBC}") = "poker-6000", "poker-6000\poker-6000.csproj", "{CE87210F-5194-4201-801F-BD0D8EA92801}"
EndProject
Project("{FAE04EC0-301F-11D3-BF4B-00C04F79EFBC}") = "poker-6000.UITests", "poker-6000.UITests\poker-6000.UITests.csproj", "{285E1AA6-978C-44F1-B5B8-076FAD1D272B}"
EndProject
Global
	GlobalSection(SolutionConfigurationPlatforms) = preSolution
		Debug|iPhoneSimulator = Debug|iPhoneSimulator
		Release|iPhone = Release|iPhone
		Release|iPhoneSimulator = Release|iPhoneSimulator
		Debug|iPhone = Debug|iPhone
		Debug|Any CPU = Debug|Any CPU
		Release|Any CPU = Release|Any CPU
	EndGlobalSection
	GlobalSection(ProjectConfigurationPlatforms) = postSolution
		{CE87210F-5194-4201-801F-BD0D8EA92801}.Debug|iPhoneSimulator.ActiveCfg = Debug|iPhoneSimulator
		{CE87210F-5194-4201-801F-BD0D8EA92801}.Debug|iPhoneSimulator.Build.0 = Debug|iPhoneSimulator
		{CE87210F-5194-4201-801F-BD0D8EA92801}.Release|iPhone.ActiveCfg = Release|iPhone
		{CE87210F-5194-4201-801F-BD0D8EA92801}.Release|iPhone.Build.0 = Release|iPhone
		{CE87210F-5194-4201-801F-BD0D8EA92801}.Release|iPhoneSimulator.ActiveCfg = Release|iPhoneSimulator
		{CE87210F-5194-4201-801F-BD0D8EA92801}.Release|iPhoneSimulator.Build.0 = Release|iPhoneSimulator
		{CE87210F-5194-4201-801F-BD0D8EA92801}.Debug|iPhone.ActiveCfg = Debug|iPhone
		{CE87210F-5194-4201-801F-BD0D8EA92801}.Debug|iPhone.Build.0 = Debug|iPhone
		{CE87210F-5194-4201-801F-BD0D8EA92801}.Debug|Any CPU.ActiveCfg = Debug|iPhoneSimulator
		{CE87210F-5194-4201-801F-BD0D8EA92801}.Debug|Any CPU.Build.0 = Debug|iPhoneSimulator
		{CE87210F-5194-4201-801F-BD0D8EA92801}.Release|Any CPU.ActiveCfg = Release|iPhone
		{CE87210F-5194-4201-801F-BD0D8EA92801}.Release|Any CPU.Build.0 = Release|iPhone
		{285E1AA6-978C-44F1-B5B8-076FAD1D272B}.Debug|iPhoneSimulator.ActiveCfg = Debug|Any CPU
		{285E1AA6-978C-44F1-B5B8-076FAD1D272B}.Debug|iPhoneSimulator.Build.0 = Debug|Any CPU
		{285E1AA6-978C-44F1-B5B8-076FAD1D272B}.Release|iPhone.ActiveCfg = Release|Any CPU
		{285E1AA6-978C-44F1-B5B8-076FAD1D272B}.Release|iPhone.Build.0 = Release|Any CPU
		{285E1AA6-978C-44F1-B5B8-076FAD1D272B}.Release|iPhoneSimulator.ActiveCfg = Release|Any CPU
		{285E1AA6-978C-44F1-B5B8-076FAD1D272B}.Release|iPhoneSimulator.Build.0 = Release|Any CPU
		{285E1AA6-978C-44F1-B5B8-076FAD1D272B}.Debug|iPhone.ActiveCfg = Debug|Any CPU
		{285E1AA6-978C-44F1-B5B8-076FAD1D272B}.Debug|iPhone.Build.0 = Debug|Any CPU
		{285E1AA6-978C-44F1-B5B8-076FAD1D272B}.Debug|Any CPU.ActiveCfg = Debug|Any CPU
		{285E1AA6-978C-44F1-B5B8-076FAD1D272B}.Debug|Any CPU.Build.0 = Debug|Any CPU
		{285E1AA6-978C-44F1-B5B8-076FAD1D272B}.Release|Any CPU.ActiveCfg = Release|Any CPU
		{285E1AA6-978C-44F1-B5B8-076FAD1D272B}.Release|Any CPU.Build.0 = Release|Any CPU
	EndGlobalSection
EndGlobal
