// !$*UTF8*$!
{
	archiveVersion = 1;
	classes = {
	};
	objectVersion = 50;
	objects = {

/* Begin PBXBuildFile section */
		4659975D2254C80F009F1F34 /* AppDelegate.swift in Sources */ = {isa = PBXBuildFile; fileRef = 4659975C2254C80F009F1F34 /* AppDelegate.swift */; };
		4659975F2254C80F009F1F34 /* MasterViewController.swift in Sources */ = {isa = PBXBuildFile; fileRef = 4659975E2254C80F009F1F34 /* MasterViewController.swift */; };
		465997612254C80F009F1F34 /* DetailViewController.swift in Sources */ = {isa = PBXBuildFile; fileRef = 465997602254C80F009F1F34 /* DetailViewController.swift */; };
		465997642254C80F009F1F34 /* Main.storyboard in Resources */ = {isa = PBXBuildFile; fileRef = 465997622254C80F009F1F34 /* Main.storyboard */; };
		465997662254C811009F1F34 /* Assets.xcassets in Resources */ = {isa = PBXBuildFile; fileRef = 465997652254C811009F1F34 /* Assets.xcassets */; };
		465997692254C811009F1F34 /* LaunchScreen.storyboard in Resources */ = {isa = PBXBuildFile; fileRef = 465997672254C811009F1F34 /* LaunchScreen.storyboard */; };
		465997742254C811009F1F34 /* PokerTests.swift in Sources */ = {isa = PBXBuildFile; fileRef = 465997732254C811009F1F34 /* PokerTests.swift */; };
		466FA26B2255834700AEEE8B /* HomeViewController.swift in Sources */ = {isa = PBXBuildFile; fileRef = 466FA26A2255834700AEEE8B /* HomeViewController.swift */; };
		466FE0E22259ACD20023191E /* EventDetailsViewModel.swift in Sources */ = {isa = PBXBuildFile; fileRef = 466FE0E12259ACD20023191E /* EventDetailsViewModel.swift */; };
/* End PBXBuildFile section */

/* Begin PBXContainerItemProxy section */
		465997702254C811009F1F34 /* PBXContainerItemProxy */ = {
			isa = PBXContainerItemProxy;
			containerPortal = 465997512254C80F009F1F34 /* Project object */;
			proxyType = 1;
			remoteGlobalIDString = 465997582254C80F009F1F34;
			remoteInfo = Poker;
		};
/* End PBXContainerItemProxy section */

/* Begin PBXFileReference section */
		465997592254C80F009F1F34 /* Poker.app */ = {isa = PBXFileReference; explicitFileType = wrapper.application; includeInIndex = 0; path = Poker.app; sourceTree = BUILT_PRODUCTS_DIR; };
		4659975C2254C80F009F1F34 /* AppDelegate.swift */ = {isa = PBXFileReference; lastKnownFileType = sourcecode.swift; path = AppDelegate.swift; sourceTree = "<group>"; };
		4659975E2254C80F009F1F34 /* MasterViewController.swift */ = {isa = PBXFileReference; lastKnownFileType = sourcecode.swift; path = MasterViewController.swift; sourceTree = "<group>"; };
		465997602254C80F009F1F34 /* DetailViewController.swift */ = {isa = PBXFileReference; lastKnownFileType = sourcecode.swift; path = DetailViewController.swift; sourceTree = "<group>"; };
		465997632254C80F009F1F34 /* Base */ = {isa = PBXFileReference; lastKnownFileType = file.storyboard; name = Base; path = Base.lproj/Main.storyboard; sourceTree = "<group>"; };
		465997652254C811009F1F34 /* Assets.xcassets */ = {isa = PBXFileReference; lastKnownFileType = folder.assetcatalog; path = Assets.xcassets; sourceTree = "<group>"; };
		465997682254C811009F1F34 /* Base */ = {isa = PBXFileReference; lastKnownFileType = file.storyboard; name = Base; path = Base.lproj/LaunchScreen.storyboard; sourceTree = "<group>"; };
		4659976A2254C811009F1F34 /* Info.plist */ = {isa = PBXFileReference; lastKnownFileType = text.plist.xml; path = Info.plist; sourceTree = "<group>"; };
		4659976F2254C811009F1F34 /* PokerTests.xctest */ = {isa = PBXFileReference; explicitFileType = wrapper.cfbundle; includeInIndex = 0; path = PokerTests.xctest; sourceTree = BUILT_PRODUCTS_DIR; };
		465997732254C811009F1F34 /* PokerTests.swift */ = {isa = PBXFileReference; lastKnownFileType = sourcecode.swift; path = PokerTests.swift; sourceTree = "<group>"; };
		465997752254C811009F1F34 /* Info.plist */ = {isa = PBXFileReference; lastKnownFileType = text.plist.xml; path = Info.plist; sourceTree = "<group>"; };
		466FA26A2255834700AEEE8B /* HomeViewController.swift */ = {isa = PBXFileReference; lastKnownFileType = sourcecode.swift; path = HomeViewController.swift; sourceTree = "<group>"; };
		466FE0E12259ACD20023191E /* EventDetailsViewModel.swift */ = {isa = PBXFileReference; fileEncoding = 4; lastKnownFileType = sourcecode.swift; name = EventDetailsViewModel.swift; path = ../../../iOS/BrisbanePoker/Model/EventDetailsViewModel.swift; sourceTree = "<group>"; };
/* End PBXFileReference section */

/* Begin PBXFrameworksBuildPhase section */
		465997562254C80F009F1F34 /* Frameworks */ = {
			isa = PBXFrameworksBuildPhase;
			buildActionMask = 2147483647;
			files = (
			);
			runOnlyForDeploymentPostprocessing = 0;
		};
		4659976C2254C811009F1F34 /* Frameworks */ = {
			isa = PBXFrameworksBuildPhase;
			buildActionMask = 2147483647;
			files = (
			);
			runOnlyForDeploymentPostprocessing = 0;
		};
/* End PBXFrameworksBuildPhase section */

/* Begin PBXGroup section */
		465997502254C80F009F1F34 = {
			isa = PBXGroup;
			children = (
				4659975B2254C80F009F1F34 /* Poker */,
				465997722254C811009F1F34 /* PokerTests */,
				4659975A2254C80F009F1F34 /* Products */,
			);
			sourceTree = "<group>";
		};
		4659975A2254C80F009F1F34 /* Products */ = {
			isa = PBXGroup;
			children = (
				465997592254C80F009F1F34 /* Poker.app */,
				4659976F2254C811009F1F34 /* PokerTests.xctest */,
			);
			name = Products;
			sourceTree = "<group>";
		};
		4659975B2254C80F009F1F34 /* Poker */ = {
			isa = PBXGroup;
			children = (
				466FE0E02259ACAF0023191E /* Models */,
				466FA2692255830E00AEEE8B /* Controllers */,
				4659975C2254C80F009F1F34 /* AppDelegate.swift */,
				4659975E2254C80F009F1F34 /* MasterViewController.swift */,
				465997602254C80F009F1F34 /* DetailViewController.swift */,
				465997622254C80F009F1F34 /* Main.storyboard */,
				465997652254C811009F1F34 /* Assets.xcassets */,
				465997672254C811009F1F34 /* LaunchScreen.storyboard */,
				4659976A2254C811009F1F34 /* Info.plist */,
			);
			path = Poker;
			sourceTree = "<group>";
		};
		465997722254C811009F1F34 /* PokerTests */ = {
			isa = PBXGroup;
			children = (
				465997732254C811009F1F34 /* PokerTests.swift */,
				465997752254C811009F1F34 /* Info.plist */,
			);
			path = PokerTests;
			sourceTree = "<group>";
		};
		466FA2692255830E00AEEE8B /* Controllers */ = {
			isa = PBXGroup;
			children = (
				466FA26A2255834700AEEE8B /* HomeViewController.swift */,
			);
			path = Controllers;
			sourceTree = "<group>";
		};
		466FE0E02259ACAF0023191E /* Models */ = {
			isa = PBXGroup;
			children = (
				466FE0E12259ACD20023191E /* EventDetailsViewModel.swift */,
			);
			path = Models;
			sourceTree = "<group>";
		};
/* End PBXGroup section */

/* Begin PBXNativeTarget section */
		465997582254C80F009F1F34 /* Poker */ = {
			isa = PBXNativeTarget;
			buildConfigurationList = 465997782254C811009F1F34 /* Build configuration list for PBXNativeTarget "Poker" */;
			buildPhases = (
				465997552254C80F009F1F34 /* Sources */,
				465997562254C80F009F1F34 /* Frameworks */,
				465997572254C80F009F1F34 /* Resources */,
			);
			buildRules = (
			);
			dependencies = (
			);
			name = Poker;
			productName = Poker;
			productReference = 465997592254C80F009F1F34 /* Poker.app */;
			productType = "com.apple.product-type.application";
		};
		4659976E2254C811009F1F34 /* PokerTests */ = {
			isa = PBXNativeTarget;
			buildConfigurationList = 4659977B2254C811009F1F34 /* Build configuration list for PBXNativeTarget "PokerTests" */;
			buildPhases = (
				4659976B2254C811009F1F34 /* Sources */,
				4659976C2254C811009F1F34 /* Frameworks */,
				4659976D2254C811009F1F34 /* Resources */,
			);
			buildRules = (
			);
			dependencies = (
				465997712254C811009F1F34 /* PBXTargetDependency */,
			);
			name = PokerTests;
			productName = PokerTests;
			productReference = 4659976F2254C811009F1F34 /* PokerTests.xctest */;
			productType = "com.apple.product-type.bundle.unit-test";
		};
/* End PBXNativeTarget section */

/* Begin PBXProject section */
		465997512254C80F009F1F34 /* Project object */ = {
			isa = PBXProject;
			attributes = {
				LastSwiftUpdateCheck = 1010;
				LastUpgradeCheck = 1010;
				ORGANIZATIONNAME = "Bitcoin Brisbane";
				TargetAttributes = {
					465997582254C80F009F1F34 = {
						CreatedOnToolsVersion = 10.1;
					};
					4659976E2254C811009F1F34 = {
						CreatedOnToolsVersion = 10.1;
						TestTargetID = 465997582254C80F009F1F34;
					};
				};
			};
			buildConfigurationList = 465997542254C80F009F1F34 /* Build configuration list for PBXProject "Poker" */;
			compatibilityVersion = "Xcode 9.3";
			developmentRegion = en;
			hasScannedForEncodings = 0;
			knownRegions = (
				en,
				Base,
			);
			mainGroup = 465997502254C80F009F1F34;
			productRefGroup = 4659975A2254C80F009F1F34 /* Products */;
			projectDirPath = "";
			projectRoot = "";
			targets = (
				465997582254C80F009F1F34 /* Poker */,
				4659976E2254C811009F1F34 /* PokerTests */,
			);
		};
/* End PBXProject section */

/* Begin PBXResourcesBuildPhase section */
		465997572254C80F009F1F34 /* Resources */ = {
			isa = PBXResourcesBuildPhase;
			buildActionMask = 2147483647;
			files = (
				465997692254C811009F1F34 /* LaunchScreen.storyboard in Resources */,
				465997662254C811009F1F34 /* Assets.xcassets in Resources */,
				465997642254C80F009F1F34 /* Main.storyboard in Resources */,
			);
			runOnlyForDeploymentPostprocessing = 0;
		};
		4659976D2254C811009F1F34 /* Resources */ = {
			isa = PBXResourcesBuildPhase;
			buildActionMask = 2147483647;
			files = (
			);
			runOnlyForDeploymentPostprocessing = 0;
		};
/* End PBXResourcesBuildPhase section */

/* Begin PBXSourcesBuildPhase section */
		465997552254C80F009F1F34 /* Sources */ = {
			isa = PBXSourcesBuildPhase;
			buildActionMask = 2147483647;
			files = (
				465997612254C80F009F1F34 /* DetailViewController.swift in Sources */,
				4659975F2254C80F009F1F34 /* MasterViewController.swift in Sources */,
				4659975D2254C80F009F1F34 /* AppDelegate.swift in Sources */,
				466FA26B2255834700AEEE8B /* HomeViewController.swift in Sources */,
				466FE0E22259ACD20023191E /* EventDetailsViewModel.swift in Sources */,
			);
			runOnlyForDeploymentPostprocessing = 0;
		};
		4659976B2254C811009F1F34 /* Sources */ = {
			isa = PBXSourcesBuildPhase;
			buildActionMask = 2147483647;
			files = (
				465997742254C811009F1F34 /* PokerTests.swift in Sources */,
			);
			runOnlyForDeploymentPostprocessing = 0;
		};
/* End PBXSourcesBuildPhase section */

/* Begin PBXTargetDependency section */
		465997712254C811009F1F34 /* PBXTargetDependency */ = {
			isa = PBXTargetDependency;
			target = 465997582254C80F009F1F34 /* Poker */;
			targetProxy = 465997702254C811009F1F34 /* PBXContainerItemProxy */;
		};
/* End PBXTargetDependency section */

/* Begin PBXVariantGroup section */
		465997622254C80F009F1F34 /* Main.storyboard */ = {
			isa = PBXVariantGroup;
			children = (
				465997632254C80F009F1F34 /* Base */,
			);
			name = Main.storyboard;
			sourceTree = "<group>";
		};
		465997672254C811009F1F34 /* LaunchScreen.storyboard */ = {
			isa = PBXVariantGroup;
			children = (
				465997682254C811009F1F34 /* Base */,
			);
			name = LaunchScreen.storyboard;
			sourceTree = "<group>";
		};
/* End PBXVariantGroup section */

/* Begin XCBuildConfiguration section */
		465997762254C811009F1F34 /* Debug */ = {
			isa = XCBuildConfiguration;
			buildSettings = {
				ALWAYS_SEARCH_USER_PATHS = NO;
				CLANG_ANALYZER_NONNULL = YES;
				CLANG_ANALYZER_NUMBER_OBJECT_CONVERSION = YES_AGGRESSIVE;
				CLANG_CXX_LANGUAGE_STANDARD = "gnu++14";
				CLANG_CXX_LIBRARY = "libc++";
				CLANG_ENABLE_MODULES = YES;
				CLANG_ENABLE_OBJC_ARC = YES;
				CLANG_ENABLE_OBJC_WEAK = YES;
				CLANG_WARN_BLOCK_CAPTURE_AUTORELEASING = YES;
				CLANG_WARN_BOOL_CONVERSION = YES;
				CLANG_WARN_COMMA = YES;
				CLANG_WARN_CONSTANT_CONVERSION = YES;
				CLANG_WARN_DEPRECATED_OBJC_IMPLEMENTATIONS = YES;
				CLANG_WARN_DIRECT_OBJC_ISA_USAGE = YES_ERROR;
				CLANG_WARN_DOCUMENTATION_COMMENTS = YES;
				CLANG_WARN_EMPTY_BODY = YES;
				CLANG_WARN_ENUM_CONVERSION = YES;
				CLANG_WARN_INFINITE_RECURSION = YES;
				CLANG_WARN_INT_CONVERSION = YES;
				CLANG_WARN_NON_LITERAL_NULL_CONVERSION = YES;
				CLANG_WARN_OBJC_IMPLICIT_RETAIN_SELF = YES;
				CLANG_WARN_OBJC_LITERAL_CONVERSION = YES;
				CLANG_WARN_OBJC_ROOT_CLASS = YES_ERROR;
				CLANG_WARN_RANGE_LOOP_ANALYSIS = YES;
				CLANG_WARN_STRICT_PROTOTYPES = YES;
				CLANG_WARN_SUSPICIOUS_MOVE = YES;
				CLANG_WARN_UNGUARDED_AVAILABILITY = YES_AGGRESSIVE;
				CLANG_WARN_UNREACHABLE_CODE = YES;
				CLANG_WARN__DUPLICATE_METHOD_MATCH = YES;
				CODE_SIGN_IDENTITY = "iPhone Developer";
				COPY_PHASE_STRIP = NO;
				DEBUG_INFORMATION_FORMAT = dwarf;
				ENABLE_STRICT_OBJC_MSGSEND = YES;
				ENABLE_TESTABILITY = YES;
				GCC_C_LANGUAGE_STANDARD = gnu11;
				GCC_DYNAMIC_NO_PIC = NO;
				GCC_NO_COMMON_BLOCKS = YES;
				GCC_OPTIMIZATION_LEVEL = 0;
				GCC_PREPROCESSOR_DEFINITIONS = (
					"DEBUG=1",
					"$(inherited)",
				);
				GCC_WARN_64_TO_32_BIT_CONVERSION = YES;
				GCC_WARN_ABOUT_RETURN_TYPE = YES_ERROR;
				GCC_WARN_UNDECLARED_SELECTOR = YES;
				GCC_WARN_UNINITIALIZED_AUTOS = YES_AGGRESSIVE;
				GCC_WARN_UNUSED_FUNCTION = YES;
				GCC_WARN_UNUSED_VARIABLE = YES;
				IPHONEOS_DEPLOYMENT_TARGET = 12.1;
				MTL_ENABLE_DEBUG_INFO = INCLUDE_SOURCE;
				MTL_FAST_MATH = YES;
				ONLY_ACTIVE_ARCH = YES;
				SDKROOT = iphoneos;
				SWIFT_ACTIVE_COMPILATION_CONDITIONS = DEBUG;
				SWIFT_OPTIMIZATION_LEVEL = "-Onone";
			};
			name = Debug;
		};
		465997772254C811009F1F34 /* Release */ = {
			isa = XCBuildConfiguration;
			buildSettings = {
				ALWAYS_SEARCH_USER_PATHS = NO;
				CLANG_ANALYZER_NONNULL = YES;
				CLANG_ANALYZER_NUMBER_OBJECT_CONVERSION = YES_AGGRESSIVE;
				CLANG_CXX_LANGUAGE_STANDARD = "gnu++14";
				CLANG_CXX_LIBRARY = "libc++";
				CLANG_ENABLE_MODULES = YES;
				CLANG_ENABLE_OBJC_ARC = YES;
				CLANG_ENABLE_OBJC_WEAK = YES;
				CLANG_WARN_BLOCK_CAPTURE_AUTORELEASING = YES;
				CLANG_WARN_BOOL_CONVERSION = YES;
				CLANG_WARN_COMMA = YES;
				CLANG_WARN_CONSTANT_CONVERSION = YES;
				CLANG_WARN_DEPRECATED_OBJC_IMPLEMENTATIONS = YES;
				CLANG_WARN_DIRECT_OBJC_ISA_USAGE = YES_ERROR;
				CLANG_WARN_DOCUMENTATION_COMMENTS = YES;
				CLANG_WARN_EMPTY_BODY = YES;
				CLANG_WARN_ENUM_CONVERSION = YES;
				CLANG_WARN_INFINITE_RECURSION = YES;
				CLANG_WARN_INT_CONVERSION = YES;
				CLANG_WARN_NON_LITERAL_NULL_CONVERSION = YES;
				CLANG_WARN_OBJC_IMPLICIT_RETAIN_SELF = YES;
				CLANG_WARN_OBJC_LITERAL_CONVERSION = YES;
				CLANG_WARN_OBJC_ROOT_CLASS = YES_ERROR;
				CLANG_WARN_RANGE_LOOP_ANALYSIS = YES;
				CLANG_WARN_STRICT_PROTOTYPES = YES;
				CLANG_WARN_SUSPICIOUS_MOVE = YES;
				CLANG_WARN_UNGUARDED_AVAILABILITY = YES_AGGRESSIVE;
				CLANG_WARN_UNREACHABLE_CODE = YES;
				CLANG_WARN__DUPLICATE_METHOD_MATCH = YES;
				CODE_SIGN_IDENTITY = "iPhone Developer";
				COPY_PHASE_STRIP = NO;
				DEBUG_INFORMATION_FORMAT = "dwarf-with-dsym";
				ENABLE_NS_ASSERTIONS = NO;
				ENABLE_STRICT_OBJC_MSGSEND = YES;
				GCC_C_LANGUAGE_STANDARD = gnu11;
				GCC_NO_COMMON_BLOCKS = YES;
				GCC_WARN_64_TO_32_BIT_CONVERSION = YES;
				GCC_WARN_ABOUT_RETURN_TYPE = YES_ERROR;
				GCC_WARN_UNDECLARED_SELECTOR = YES;
				GCC_WARN_UNINITIALIZED_AUTOS = YES_AGGRESSIVE;
				GCC_WARN_UNUSED_FUNCTION = YES;
				GCC_WARN_UNUSED_VARIABLE = YES;
				IPHONEOS_DEPLOYMENT_TARGET = 12.1;
				MTL_ENABLE_DEBUG_INFO = NO;
				MTL_FAST_MATH = YES;
				SDKROOT = iphoneos;
				SWIFT_COMPILATION_MODE = wholemodule;
				SWIFT_OPTIMIZATION_LEVEL = "-O";
				VALIDATE_PRODUCT = YES;
			};
			name = Release;
		};
		465997792254C811009F1F34 /* Debug */ = {
			isa = XCBuildConfiguration;
			buildSettings = {
				ASSETCATALOG_COMPILER_APPICON_NAME = AppIcon;
				CODE_SIGN_STYLE = Automatic;
				DEVELOPMENT_TEAM = KN42EYUY25;
				INFOPLIST_FILE = Poker/Info.plist;
				LD_RUNPATH_SEARCH_PATHS = (
					"$(inherited)",
					"@executable_path/Frameworks",
				);
				PRODUCT_BUNDLE_IDENTIFIER = com.bitcoinbrisbane.Poker;
				PRODUCT_NAME = "$(TARGET_NAME)";
				SWIFT_VERSION = 4.2;
				TARGETED_DEVICE_FAMILY = "1,2";
			};
			name = Debug;
		};
		4659977A2254C811009F1F34 /* Release */ = {
			isa = XCBuildConfiguration;
			buildSettings = {
				ASSETCATALOG_COMPILER_APPICON_NAME = AppIcon;
				CODE_SIGN_STYLE = Automatic;
				DEVELOPMENT_TEAM = KN42EYUY25;
				INFOPLIST_FILE = Poker/Info.plist;
				LD_RUNPATH_SEARCH_PATHS = (
					"$(inherited)",
					"@executable_path/Frameworks",
				);
				PRODUCT_BUNDLE_IDENTIFIER = com.bitcoinbrisbane.Poker;
				PRODUCT_NAME = "$(TARGET_NAME)";
				SWIFT_VERSION = 4.2;
				TARGETED_DEVICE_FAMILY = "1,2";
			};
			name = Release;
		};
		4659977C2254C811009F1F34 /* Debug */ = {
			isa = XCBuildConfiguration;
			buildSettings = {
				ALWAYS_EMBED_SWIFT_STANDARD_LIBRARIES = YES;
				BUNDLE_LOADER = "$(TEST_HOST)";
				CODE_SIGN_STYLE = Automatic;
				DEVELOPMENT_TEAM = KN42EYUY25;
				INFOPLIST_FILE = PokerTests/Info.plist;
				LD_RUNPATH_SEARCH_PATHS = (
					"$(inherited)",
					"@executable_path/Frameworks",
					"@loader_path/Frameworks",
				);
				PRODUCT_BUNDLE_IDENTIFIER = com.bitcoinbrisbane.PokerTests;
				PRODUCT_NAME = "$(TARGET_NAME)";
				SWIFT_VERSION = 4.2;
				TARGETED_DEVICE_FAMILY = "1,2";
				TEST_HOST = "$(BUILT_PRODUCTS_DIR)/Poker.app/Poker";
			};
			name = Debug;
		};
		4659977D2254C811009F1F34 /* Release */ = {
			isa = XCBuildConfiguration;
			buildSettings = {
				ALWAYS_EMBED_SWIFT_STANDARD_LIBRARIES = YES;
				BUNDLE_LOADER = "$(TEST_HOST)";
				CODE_SIGN_STYLE = Automatic;
				DEVELOPMENT_TEAM = KN42EYUY25;
				INFOPLIST_FILE = PokerTests/Info.plist;
				LD_RUNPATH_SEARCH_PATHS = (
					"$(inherited)",
					"@executable_path/Frameworks",
					"@loader_path/Frameworks",
				);
				PRODUCT_BUNDLE_IDENTIFIER = com.bitcoinbrisbane.PokerTests;
				PRODUCT_NAME = "$(TARGET_NAME)";
				SWIFT_VERSION = 4.2;
				TARGETED_DEVICE_FAMILY = "1,2";
				TEST_HOST = "$(BUILT_PRODUCTS_DIR)/Poker.app/Poker";
			};
			name = Release;
		};
/* End XCBuildConfiguration section */

/* Begin XCConfigurationList section */
		465997542254C80F009F1F34 /* Build configuration list for PBXProject "Poker" */ = {
			isa = XCConfigurationList;
			buildConfigurations = (
				465997762254C811009F1F34 /* Debug */,
				465997772254C811009F1F34 /* Release */,
			);
			defaultConfigurationIsVisible = 0;
			defaultConfigurationName = Release;
		};
		465997782254C811009F1F34 /* Build configuration list for PBXNativeTarget "Poker" */ = {
			isa = XCConfigurationList;
			buildConfigurations = (
				465997792254C811009F1F34 /* Debug */,
				4659977A2254C811009F1F34 /* Release */,
			);
			defaultConfigurationIsVisible = 0;
			defaultConfigurationName = Release;
		};
		4659977B2254C811009F1F34 /* Build configuration list for PBXNativeTarget "PokerTests" */ = {
			isa = XCConfigurationList;
			buildConfigurations = (
				4659977C2254C811009F1F34 /* Debug */,
				4659977D2254C811009F1F34 /* Release */,
			);
			defaultConfigurationIsVisible = 0;
			defaultConfigurationName = Release;
		};
/* End XCConfigurationList section */
	};
	rootObject = 465997512254C80F009F1F34 /* Project object */;
}
