// !$*UTF8*$!
{
	archiveVersion = 1;
	classes = {
	};
	objectVersion = 50;
	objects = {

/* Begin PBXBuildFile section */
		0E5C37EDEEBAAC939BADC169 /* Pods_GutShot.framework in Frameworks */ = {isa = PBXBuildFile; fileRef = F115D1E4835DEF37590BB103 /* Pods_GutShot.framework */; };
		469E4993223230BC008871F7 /* AppDelegate.swift in Sources */ = {isa = PBXBuildFile; fileRef = 469E4992223230BC008871F7 /* AppDelegate.swift */; };
		469E4995223230BC008871F7 /* ViewController.swift in Sources */ = {isa = PBXBuildFile; fileRef = 469E4994223230BC008871F7 /* ViewController.swift */; };
		469E4998223230BC008871F7 /* Main.storyboard in Resources */ = {isa = PBXBuildFile; fileRef = 469E4996223230BC008871F7 /* Main.storyboard */; };
		469E499A223230BD008871F7 /* Assets.xcassets in Resources */ = {isa = PBXBuildFile; fileRef = 469E4999223230BD008871F7 /* Assets.xcassets */; };
		469E499D223230BD008871F7 /* LaunchScreen.storyboard in Resources */ = {isa = PBXBuildFile; fileRef = 469E499B223230BD008871F7 /* LaunchScreen.storyboard */; };
		469E49AB22323117008871F7 /* MerchantListController.swift in Sources */ = {isa = PBXBuildFile; fileRef = 469E49A522323116008871F7 /* MerchantListController.swift */; };
		469E49AC22323117008871F7 /* WalletController.swift in Sources */ = {isa = PBXBuildFile; fileRef = 469E49A622323116008871F7 /* WalletController.swift */; };
		469E49AD22323117008871F7 /* MerchantTableData.swift in Sources */ = {isa = PBXBuildFile; fileRef = 469E49A722323116008871F7 /* MerchantTableData.swift */; };
		469E49AE22323117008871F7 /* SettingsController.swift in Sources */ = {isa = PBXBuildFile; fileRef = 469E49A822323117008871F7 /* SettingsController.swift */; };
		469E49AF22323117008871F7 /* MerchantListCell.swift in Sources */ = {isa = PBXBuildFile; fileRef = 469E49A922323117008871F7 /* MerchantListCell.swift */; };
		469E49B022323117008871F7 /* MerchantListHeader.swift in Sources */ = {isa = PBXBuildFile; fileRef = 469E49AA22323117008871F7 /* MerchantListHeader.swift */; };
/* End PBXBuildFile section */

/* Begin PBXFileReference section */
		469E498F223230BC008871F7 /* GutShot.app */ = {isa = PBXFileReference; explicitFileType = wrapper.application; includeInIndex = 0; path = GutShot.app; sourceTree = BUILT_PRODUCTS_DIR; };
		469E4992223230BC008871F7 /* AppDelegate.swift */ = {isa = PBXFileReference; lastKnownFileType = sourcecode.swift; path = AppDelegate.swift; sourceTree = "<group>"; };
		469E4994223230BC008871F7 /* ViewController.swift */ = {isa = PBXFileReference; lastKnownFileType = sourcecode.swift; path = ViewController.swift; sourceTree = "<group>"; };
		469E4997223230BC008871F7 /* Base */ = {isa = PBXFileReference; lastKnownFileType = file.storyboard; name = Base; path = Base.lproj/Main.storyboard; sourceTree = "<group>"; };
		469E4999223230BD008871F7 /* Assets.xcassets */ = {isa = PBXFileReference; lastKnownFileType = folder.assetcatalog; path = Assets.xcassets; sourceTree = "<group>"; };
		469E499C223230BD008871F7 /* Base */ = {isa = PBXFileReference; lastKnownFileType = file.storyboard; name = Base; path = Base.lproj/LaunchScreen.storyboard; sourceTree = "<group>"; };
		469E499E223230BD008871F7 /* Info.plist */ = {isa = PBXFileReference; lastKnownFileType = text.plist.xml; path = Info.plist; sourceTree = "<group>"; };
		469E49A522323116008871F7 /* MerchantListController.swift */ = {isa = PBXFileReference; fileEncoding = 4; lastKnownFileType = sourcecode.swift; path = MerchantListController.swift; sourceTree = "<group>"; };
		469E49A622323116008871F7 /* WalletController.swift */ = {isa = PBXFileReference; fileEncoding = 4; lastKnownFileType = sourcecode.swift; path = WalletController.swift; sourceTree = "<group>"; };
		469E49A722323116008871F7 /* MerchantTableData.swift */ = {isa = PBXFileReference; fileEncoding = 4; lastKnownFileType = sourcecode.swift; path = MerchantTableData.swift; sourceTree = "<group>"; };
		469E49A822323117008871F7 /* SettingsController.swift */ = {isa = PBXFileReference; fileEncoding = 4; lastKnownFileType = sourcecode.swift; path = SettingsController.swift; sourceTree = "<group>"; };
		469E49A922323117008871F7 /* MerchantListCell.swift */ = {isa = PBXFileReference; fileEncoding = 4; lastKnownFileType = sourcecode.swift; path = MerchantListCell.swift; sourceTree = "<group>"; };
		469E49AA22323117008871F7 /* MerchantListHeader.swift */ = {isa = PBXFileReference; fileEncoding = 4; lastKnownFileType = sourcecode.swift; path = MerchantListHeader.swift; sourceTree = "<group>"; };
		D14D1996F3347ADC3C314E27 /* Pods-GutShot.release.xcconfig */ = {isa = PBXFileReference; includeInIndex = 1; lastKnownFileType = text.xcconfig; name = "Pods-GutShot.release.xcconfig"; path = "Pods/Target Support Files/Pods-GutShot/Pods-GutShot.release.xcconfig"; sourceTree = "<group>"; };
		F115D1E4835DEF37590BB103 /* Pods_GutShot.framework */ = {isa = PBXFileReference; explicitFileType = wrapper.framework; includeInIndex = 0; path = Pods_GutShot.framework; sourceTree = BUILT_PRODUCTS_DIR; };
		FED883D6D09D2C1E394FA509 /* Pods-GutShot.debug.xcconfig */ = {isa = PBXFileReference; includeInIndex = 1; lastKnownFileType = text.xcconfig; name = "Pods-GutShot.debug.xcconfig"; path = "Pods/Target Support Files/Pods-GutShot/Pods-GutShot.debug.xcconfig"; sourceTree = "<group>"; };
/* End PBXFileReference section */

/* Begin PBXFrameworksBuildPhase section */
		469E498C223230BC008871F7 /* Frameworks */ = {
			isa = PBXFrameworksBuildPhase;
			buildActionMask = 2147483647;
			files = (
				0E5C37EDEEBAAC939BADC169 /* Pods_GutShot.framework in Frameworks */,
			);
			runOnlyForDeploymentPostprocessing = 0;
		};
/* End PBXFrameworksBuildPhase section */

/* Begin PBXGroup section */
		469E4986223230BC008871F7 = {
			isa = PBXGroup;
			children = (
				469E4991223230BC008871F7 /* GutShot */,
				469E4990223230BC008871F7 /* Products */,
				B21E410FD583C2F9FC8E46D3 /* Pods */,
				9D57CB6FA9473CCBF279F44F /* Frameworks */,
			);
			sourceTree = "<group>";
		};
		469E4990223230BC008871F7 /* Products */ = {
			isa = PBXGroup;
			children = (
				469E498F223230BC008871F7 /* GutShot.app */,
			);
			name = Products;
			sourceTree = "<group>";
		};
		469E4991223230BC008871F7 /* GutShot */ = {
			isa = PBXGroup;
			children = (
				469E49A4223230CE008871F7 /* ViewControllers */,
				469E4992223230BC008871F7 /* AppDelegate.swift */,
				469E4994223230BC008871F7 /* ViewController.swift */,
				469E4996223230BC008871F7 /* Main.storyboard */,
				469E4999223230BD008871F7 /* Assets.xcassets */,
				469E499B223230BD008871F7 /* LaunchScreen.storyboard */,
				469E499E223230BD008871F7 /* Info.plist */,
			);
			path = GutShot;
			sourceTree = "<group>";
		};
		469E49A4223230CE008871F7 /* ViewControllers */ = {
			isa = PBXGroup;
			children = (
				469E49A922323117008871F7 /* MerchantListCell.swift */,
				469E49A522323116008871F7 /* MerchantListController.swift */,
				469E49AA22323117008871F7 /* MerchantListHeader.swift */,
				469E49A722323116008871F7 /* MerchantTableData.swift */,
				469E49A822323117008871F7 /* SettingsController.swift */,
				469E49A622323116008871F7 /* WalletController.swift */,
			);
			path = ViewControllers;
			sourceTree = "<group>";
		};
		9D57CB6FA9473CCBF279F44F /* Frameworks */ = {
			isa = PBXGroup;
			children = (
				F115D1E4835DEF37590BB103 /* Pods_GutShot.framework */,
			);
			name = Frameworks;
			sourceTree = "<group>";
		};
		B21E410FD583C2F9FC8E46D3 /* Pods */ = {
			isa = PBXGroup;
			children = (
				FED883D6D09D2C1E394FA509 /* Pods-GutShot.debug.xcconfig */,
				D14D1996F3347ADC3C314E27 /* Pods-GutShot.release.xcconfig */,
			);
			name = Pods;
			sourceTree = "<group>";
		};
/* End PBXGroup section */

/* Begin PBXNativeTarget section */
		469E498E223230BC008871F7 /* GutShot */ = {
			isa = PBXNativeTarget;
			buildConfigurationList = 469E49A1223230BD008871F7 /* Build configuration list for PBXNativeTarget "GutShot" */;
			buildPhases = (
				740B536A8D9262AA2E89FD6E /* [CP] Check Pods Manifest.lock */,
				469E498B223230BC008871F7 /* Sources */,
				469E498C223230BC008871F7 /* Frameworks */,
				469E498D223230BC008871F7 /* Resources */,
				6D9F5F0163D059C3DACDB0B3 /* [CP] Embed Pods Frameworks */,
			);
			buildRules = (
			);
			dependencies = (
			);
			name = GutShot;
			productName = GutShot;
			productReference = 469E498F223230BC008871F7 /* GutShot.app */;
			productType = "com.apple.product-type.application";
		};
/* End PBXNativeTarget section */

/* Begin PBXProject section */
		469E4987223230BC008871F7 /* Project object */ = {
			isa = PBXProject;
			attributes = {
				LastSwiftUpdateCheck = 1010;
				LastUpgradeCheck = 1010;
				ORGANIZATIONNAME = "Bitcoin Brisbane";
				TargetAttributes = {
					469E498E223230BC008871F7 = {
						CreatedOnToolsVersion = 10.1;
					};
				};
			};
			buildConfigurationList = 469E498A223230BC008871F7 /* Build configuration list for PBXProject "GutShot" */;
			compatibilityVersion = "Xcode 9.3";
			developmentRegion = en;
			hasScannedForEncodings = 0;
			knownRegions = (
				en,
				Base,
			);
			mainGroup = 469E4986223230BC008871F7;
			productRefGroup = 469E4990223230BC008871F7 /* Products */;
			projectDirPath = "";
			projectRoot = "";
			targets = (
				469E498E223230BC008871F7 /* GutShot */,
			);
		};
/* End PBXProject section */

/* Begin PBXResourcesBuildPhase section */
		469E498D223230BC008871F7 /* Resources */ = {
			isa = PBXResourcesBuildPhase;
			buildActionMask = 2147483647;
			files = (
				469E499D223230BD008871F7 /* LaunchScreen.storyboard in Resources */,
				469E499A223230BD008871F7 /* Assets.xcassets in Resources */,
				469E4998223230BC008871F7 /* Main.storyboard in Resources */,
			);
			runOnlyForDeploymentPostprocessing = 0;
		};
/* End PBXResourcesBuildPhase section */

/* Begin PBXShellScriptBuildPhase section */
		6D9F5F0163D059C3DACDB0B3 /* [CP] Embed Pods Frameworks */ = {
			isa = PBXShellScriptBuildPhase;
			buildActionMask = 2147483647;
			files = (
			);
			inputPaths = (
				"${SRCROOT}/Pods/Target Support Files/Pods-GutShot/Pods-GutShot-frameworks.sh",
				"${BUILT_PRODUCTS_DIR}/Alamofire/Alamofire.framework",
				"${BUILT_PRODUCTS_DIR}/SwiftyJSON/SwiftyJSON.framework",
			);
			name = "[CP] Embed Pods Frameworks";
			outputPaths = (
				"${TARGET_BUILD_DIR}/${FRAMEWORKS_FOLDER_PATH}/Alamofire.framework",
				"${TARGET_BUILD_DIR}/${FRAMEWORKS_FOLDER_PATH}/SwiftyJSON.framework",
			);
			runOnlyForDeploymentPostprocessing = 0;
			shellPath = /bin/sh;
			shellScript = "\"${SRCROOT}/Pods/Target Support Files/Pods-GutShot/Pods-GutShot-frameworks.sh\"\n";
			showEnvVarsInLog = 0;
		};
		740B536A8D9262AA2E89FD6E /* [CP] Check Pods Manifest.lock */ = {
			isa = PBXShellScriptBuildPhase;
			buildActionMask = 2147483647;
			files = (
			);
			inputPaths = (
				"${PODS_PODFILE_DIR_PATH}/Podfile.lock",
				"${PODS_ROOT}/Manifest.lock",
			);
			name = "[CP] Check Pods Manifest.lock";
			outputPaths = (
				"$(DERIVED_FILE_DIR)/Pods-GutShot-checkManifestLockResult.txt",
			);
			runOnlyForDeploymentPostprocessing = 0;
			shellPath = /bin/sh;
			shellScript = "diff \"${PODS_PODFILE_DIR_PATH}/Podfile.lock\" \"${PODS_ROOT}/Manifest.lock\" > /dev/null\nif [ $? != 0 ] ; then\n    # print error to STDERR\n    echo \"error: The sandbox is not in sync with the Podfile.lock. Run 'pod install' or update your CocoaPods installation.\" >&2\n    exit 1\nfi\n# This output is used by Xcode 'outputs' to avoid re-running this script phase.\necho \"SUCCESS\" > \"${SCRIPT_OUTPUT_FILE_0}\"\n";
			showEnvVarsInLog = 0;
		};
/* End PBXShellScriptBuildPhase section */

/* Begin PBXSourcesBuildPhase section */
		469E498B223230BC008871F7 /* Sources */ = {
			isa = PBXSourcesBuildPhase;
			buildActionMask = 2147483647;
			files = (
				469E49AE22323117008871F7 /* SettingsController.swift in Sources */,
				469E4995223230BC008871F7 /* ViewController.swift in Sources */,
				469E49B022323117008871F7 /* MerchantListHeader.swift in Sources */,
				469E4993223230BC008871F7 /* AppDelegate.swift in Sources */,
				469E49AC22323117008871F7 /* WalletController.swift in Sources */,
				469E49AF22323117008871F7 /* MerchantListCell.swift in Sources */,
				469E49AD22323117008871F7 /* MerchantTableData.swift in Sources */,
				469E49AB22323117008871F7 /* MerchantListController.swift in Sources */,
			);
			runOnlyForDeploymentPostprocessing = 0;
		};
/* End PBXSourcesBuildPhase section */

/* Begin PBXVariantGroup section */
		469E4996223230BC008871F7 /* Main.storyboard */ = {
			isa = PBXVariantGroup;
			children = (
				469E4997223230BC008871F7 /* Base */,
			);
			name = Main.storyboard;
			sourceTree = "<group>";
		};
		469E499B223230BD008871F7 /* LaunchScreen.storyboard */ = {
			isa = PBXVariantGroup;
			children = (
				469E499C223230BD008871F7 /* Base */,
			);
			name = LaunchScreen.storyboard;
			sourceTree = "<group>";
		};
/* End PBXVariantGroup section */

/* Begin XCBuildConfiguration section */
		469E499F223230BD008871F7 /* Debug */ = {
			isa = XCBuildConfiguration;
			buildSettings = {
				ALWAYS_SEARCH_USER_PATHS = NO;
				CLANG_ANALYZER_NONNULL = YES;
				CLANG_ANALYZER_NUMBER_OBJECT_CONVERSION = YES_AGGRESSIVE;
				CLANG_CXX_LANGUAGE_STANDARD = "gnu++14";
				CLANG_CXX_LIBRARY = "libc++";
				CLANG_ENABLE_MODULES = YES;
				CLANG_ENABLE_OBJC_ARC = YES;
				CLANG_ENABLE_OBJC_WEAK = YES;
				CLANG_WARN_BLOCK_CAPTURE_AUTORELEASING = YES;
				CLANG_WARN_BOOL_CONVERSION = YES;
				CLANG_WARN_COMMA = YES;
				CLANG_WARN_CONSTANT_CONVERSION = YES;
				CLANG_WARN_DEPRECATED_OBJC_IMPLEMENTATIONS = YES;
				CLANG_WARN_DIRECT_OBJC_ISA_USAGE = YES_ERROR;
				CLANG_WARN_DOCUMENTATION_COMMENTS = YES;
				CLANG_WARN_EMPTY_BODY = YES;
				CLANG_WARN_ENUM_CONVERSION = YES;
				CLANG_WARN_INFINITE_RECURSION = YES;
				CLANG_WARN_INT_CONVERSION = YES;
				CLANG_WARN_NON_LITERAL_NULL_CONVERSION = YES;
				CLANG_WARN_OBJC_IMPLICIT_RETAIN_SELF = YES;
				CLANG_WARN_OBJC_LITERAL_CONVERSION = YES;
				CLANG_WARN_OBJC_ROOT_CLASS = YES_ERROR;
				CLANG_WARN_RANGE_LOOP_ANALYSIS = YES;
				CLANG_WARN_STRICT_PROTOTYPES = YES;
				CLANG_WARN_SUSPICIOUS_MOVE = YES;
				CLANG_WARN_UNGUARDED_AVAILABILITY = YES_AGGRESSIVE;
				CLANG_WARN_UNREACHABLE_CODE = YES;
				CLANG_WARN__DUPLICATE_METHOD_MATCH = YES;
				CODE_SIGN_IDENTITY = "iPhone Developer";
				COPY_PHASE_STRIP = NO;
				DEBUG_INFORMATION_FORMAT = dwarf;
				ENABLE_STRICT_OBJC_MSGSEND = YES;
				ENABLE_TESTABILITY = YES;
				GCC_C_LANGUAGE_STANDARD = gnu11;
				GCC_DYNAMIC_NO_PIC = NO;
				GCC_NO_COMMON_BLOCKS = YES;
				GCC_OPTIMIZATION_LEVEL = 0;
				GCC_PREPROCESSOR_DEFINITIONS = (
					"DEBUG=1",
					"$(inherited)",
				);
				GCC_WARN_64_TO_32_BIT_CONVERSION = YES;
				GCC_WARN_ABOUT_RETURN_TYPE = YES_ERROR;
				GCC_WARN_UNDECLARED_SELECTOR = YES;
				GCC_WARN_UNINITIALIZED_AUTOS = YES_AGGRESSIVE;
				GCC_WARN_UNUSED_FUNCTION = YES;
				GCC_WARN_UNUSED_VARIABLE = YES;
				IPHONEOS_DEPLOYMENT_TARGET = 12.1;
				MTL_ENABLE_DEBUG_INFO = INCLUDE_SOURCE;
				MTL_FAST_MATH = YES;
				ONLY_ACTIVE_ARCH = YES;
				SDKROOT = iphoneos;
				SWIFT_ACTIVE_COMPILATION_CONDITIONS = DEBUG;
				SWIFT_OPTIMIZATION_LEVEL = "-Onone";
			};
			name = Debug;
		};
		469E49A0223230BD008871F7 /* Release */ = {
			isa = XCBuildConfiguration;
			buildSettings = {
				ALWAYS_SEARCH_USER_PATHS = NO;
				CLANG_ANALYZER_NONNULL = YES;
				CLANG_ANALYZER_NUMBER_OBJECT_CONVERSION = YES_AGGRESSIVE;
				CLANG_CXX_LANGUAGE_STANDARD = "gnu++14";
				CLANG_CXX_LIBRARY = "libc++";
				CLANG_ENABLE_MODULES = YES;
				CLANG_ENABLE_OBJC_ARC = YES;
				CLANG_ENABLE_OBJC_WEAK = YES;
				CLANG_WARN_BLOCK_CAPTURE_AUTORELEASING = YES;
				CLANG_WARN_BOOL_CONVERSION = YES;
				CLANG_WARN_COMMA = YES;
				CLANG_WARN_CONSTANT_CONVERSION = YES;
				CLANG_WARN_DEPRECATED_OBJC_IMPLEMENTATIONS = YES;
				CLANG_WARN_DIRECT_OBJC_ISA_USAGE = YES_ERROR;
				CLANG_WARN_DOCUMENTATION_COMMENTS = YES;
				CLANG_WARN_EMPTY_BODY = YES;
				CLANG_WARN_ENUM_CONVERSION = YES;
				CLANG_WARN_INFINITE_RECURSION = YES;
				CLANG_WARN_INT_CONVERSION = YES;
				CLANG_WARN_NON_LITERAL_NULL_CONVERSION = YES;
				CLANG_WARN_OBJC_IMPLICIT_RETAIN_SELF = YES;
				CLANG_WARN_OBJC_LITERAL_CONVERSION = YES;
				CLANG_WARN_OBJC_ROOT_CLASS = YES_ERROR;
				CLANG_WARN_RANGE_LOOP_ANALYSIS = YES;
				CLANG_WARN_STRICT_PROTOTYPES = YES;
				CLANG_WARN_SUSPICIOUS_MOVE = YES;
				CLANG_WARN_UNGUARDED_AVAILABILITY = YES_AGGRESSIVE;
				CLANG_WARN_UNREACHABLE_CODE = YES;
				CLANG_WARN__DUPLICATE_METHOD_MATCH = YES;
				CODE_SIGN_IDENTITY = "iPhone Developer";
				COPY_PHASE_STRIP = NO;
				DEBUG_INFORMATION_FORMAT = "dwarf-with-dsym";
				ENABLE_NS_ASSERTIONS = NO;
				ENABLE_STRICT_OBJC_MSGSEND = YES;
				GCC_C_LANGUAGE_STANDARD = gnu11;
				GCC_NO_COMMON_BLOCKS = YES;
				GCC_WARN_64_TO_32_BIT_CONVERSION = YES;
				GCC_WARN_ABOUT_RETURN_TYPE = YES_ERROR;
				GCC_WARN_UNDECLARED_SELECTOR = YES;
				GCC_WARN_UNINITIALIZED_AUTOS = YES_AGGRESSIVE;
				GCC_WARN_UNUSED_FUNCTION = YES;
				GCC_WARN_UNUSED_VARIABLE = YES;
				IPHONEOS_DEPLOYMENT_TARGET = 12.1;
				MTL_ENABLE_DEBUG_INFO = NO;
				MTL_FAST_MATH = YES;
				SDKROOT = iphoneos;
				SWIFT_COMPILATION_MODE = wholemodule;
				SWIFT_OPTIMIZATION_LEVEL = "-O";
				VALIDATE_PRODUCT = YES;
			};
			name = Release;
		};
		469E49A2223230BD008871F7 /* Debug */ = {
			isa = XCBuildConfiguration;
			baseConfigurationReference = FED883D6D09D2C1E394FA509 /* Pods-GutShot.debug.xcconfig */;
			buildSettings = {
				ASSETCATALOG_COMPILER_APPICON_NAME = AppIcon;
				CODE_SIGN_STYLE = Automatic;
				DEVELOPMENT_TEAM = VJR4T6XQ4V;
				INFOPLIST_FILE = GutShot/Info.plist;
				LD_RUNPATH_SEARCH_PATHS = (
					"$(inherited)",
					"@executable_path/Frameworks",
				);
				PRODUCT_BUNDLE_IDENTIFIER = com.bitcoinbrisbane.GutShot;
				PRODUCT_NAME = "$(TARGET_NAME)";
				SWIFT_VERSION = 4.2;
				TARGETED_DEVICE_FAMILY = "1,2";
			};
			name = Debug;
		};
		469E49A3223230BD008871F7 /* Release */ = {
			isa = XCBuildConfiguration;
			baseConfigurationReference = D14D1996F3347ADC3C314E27 /* Pods-GutShot.release.xcconfig */;
			buildSettings = {
				ASSETCATALOG_COMPILER_APPICON_NAME = AppIcon;
				CODE_SIGN_STYLE = Automatic;
				DEVELOPMENT_TEAM = VJR4T6XQ4V;
				INFOPLIST_FILE = GutShot/Info.plist;
				LD_RUNPATH_SEARCH_PATHS = (
					"$(inherited)",
					"@executable_path/Frameworks",
				);
				PRODUCT_BUNDLE_IDENTIFIER = com.bitcoinbrisbane.GutShot;
				PRODUCT_NAME = "$(TARGET_NAME)";
				SWIFT_VERSION = 4.2;
				TARGETED_DEVICE_FAMILY = "1,2";
			};
			name = Release;
		};
/* End XCBuildConfiguration section */

/* Begin XCConfigurationList section */
		469E498A223230BC008871F7 /* Build configuration list for PBXProject "GutShot" */ = {
			isa = XCConfigurationList;
			buildConfigurations = (
				469E499F223230BD008871F7 /* Debug */,
				469E49A0223230BD008871F7 /* Release */,
			);
			defaultConfigurationIsVisible = 0;
			defaultConfigurationName = Release;
		};
		469E49A1223230BD008871F7 /* Build configuration list for PBXNativeTarget "GutShot" */ = {
			isa = XCConfigurationList;
			buildConfigurations = (
				469E49A2223230BD008871F7 /* Debug */,
				469E49A3223230BD008871F7 /* Release */,
			);
			defaultConfigurationIsVisible = 0;
			defaultConfigurationName = Release;
		};
/* End XCConfigurationList section */
	};
	rootObject = 469E4987223230BC008871F7 /* Project object */;
}
